
Microsoft Visual Studio Solution File, Format Version 12.00
# Visual Studio Version 17
VisualStudioVersion = 17.9.34902.65
MinimumVisualStudioVersion = 10.0.40219.1
Project("{9A19103F-16F7-4668-BE54-9A1E7A4F7556}") = "Uzduotis01", "Uzduotis01\Uzduotis01.csproj", "{EB7CAA1B-7857-4EF5-ABC4-7711A4966857}"
EndProject
Project("{9A19103F-16F7-4668-BE54-9A1E7A4F7556}") = "Uzduotis02", "Uzduotis02\Uzduotis02.csproj", "{2AC8A0AB-DCF9-4390-B6D3-4EAD18EDEFA0}"
EndProject
Project("{9A19103F-16F7-4668-BE54-9A1E7A4F7556}") = "Uzduotis03", "Uzduotis03\Uzduotis03.csproj", "{B8F639D3-4982-44B7-A07E-77ECB7F8A11F}"
EndProject
Project("{9A19103F-16F7-4668-BE54-9A1E7A4F7556}") = "Uzduotis04", "Uzduotis04\Uzduotis04.csproj", "{BC333203-8C80-4887-B1E2-6C209AB1A457}"
EndProject
Project("{9A19103F-16F7-4668-BE54-9A1E7A4F7556}") = "Uzduotis05", "Uzduotis05\Uzduotis05.csproj", "{2E88B259-54AA-4388-A18E-62C3A8AF6EE9}"
EndProject
Project("{9A19103F-16F7-4668-BE54-9A1E7A4F7556}") = "Uzduotis06", "Uzduotis06\Uzduotis06.csproj", "{6EF4B2FC-443E-4114-885C-B980BC0DC15F}"
EndProject
Project("{9A19103F-16F7-4668-BE54-9A1E7A4F7556}") = "Uzduotis07", "Uzduotis07\Uzduotis07.csproj", "{5AC41F0A-8BD5-4988-BD8D-20854D3EF9A9}"
EndProject
Project("{9A19103F-16F7-4668-BE54-9A1E7A4F7556}") = "Uzduotis08", "Uzduotis08\Uzduotis08.csproj", "{434FCFAC-627C-4DB0-97DF-8512FCA47FA6}"
EndProject
Project("{9A19103F-16F7-4668-BE54-9A1E7A4F7556}") = "Uzduotis09", "Uzduotis09\Uzduotis09.csproj", "{9301D8E1-611C-4528-B4CB-F5A9B95E838A}"
EndProject
Project("{9A19103F-16F7-4668-BE54-9A1E7A4F7556}") = "Uzduotis10", "Uzduotis10\Uzduotis10.csproj", "{AA9A37AB-DDDB-4E6E-A195-B6B7942B3AE8}"
EndProject
Project("{9A19103F-16F7-4668-BE54-9A1E7A4F7556}") = "Uzduotis11", "Uzduotis11\Uzduotis11.csproj", "{C50DDF35-5102-46E5-905D-69AEE6A90462}"
EndProject
Project("{FAE04EC0-301F-11D3-BF4B-00C04F79EFBC}") = "Uzduotis12", "Uzduotis12\Uzduotis12.csproj", "{06363116-37C0-4B55-9B8C-DF4C20AF967E}"
EndProject
Project("{FAE04EC0-301F-11D3-BF4B-00C04F79EFBC}") = "Uzduotis13", "Uzduotis13\Uzduotis13.csproj", "{44585FC8-7922-4F6B-90CB-99C3E4FD8356}"
EndProject
Project("{FAE04EC0-301F-11D3-BF4B-00C04F79EFBC}") = "Uzduotis14", "Uzduotis14\Uzduotis14.csproj", "{FA2D0BFE-58FD-44FA-A464-BE2C459399FE}"
EndProject
Global
	GlobalSection(SolutionConfigurationPlatforms) = preSolution
		Debug|Any CPU = Debug|Any CPU
		Release|Any CPU = Release|Any CPU
	EndGlobalSection
	GlobalSection(ProjectConfigurationPlatforms) = postSolution
		{EB7CAA1B-7857-4EF5-ABC4-7711A4966857}.Debug|Any CPU.ActiveCfg = Debug|Any CPU
		{EB7CAA1B-7857-4EF5-ABC4-7711A4966857}.Debug|Any CPU.Build.0 = Debug|Any CPU
		{EB7CAA1B-7857-4EF5-ABC4-7711A4966857}.Release|Any CPU.ActiveCfg = Release|Any CPU
		{EB7CAA1B-7857-4EF5-ABC4-7711A4966857}.Release|Any CPU.Build.0 = Release|Any CPU
		{2AC8A0AB-DCF9-4390-B6D3-4EAD18EDEFA0}.Debug|Any CPU.ActiveCfg = Debug|Any CPU
		{2AC8A0AB-DCF9-4390-B6D3-4EAD18EDEFA0}.Debug|Any CPU.Build.0 = Debug|Any CPU
		{2AC8A0AB-DCF9-4390-B6D3-4EAD18EDEFA0}.Release|Any CPU.ActiveCfg = Release|Any CPU
		{2AC8A0AB-DCF9-4390-B6D3-4EAD18EDEFA0}.Release|Any CPU.Build.0 = Release|Any CPU
		{B8F639D3-4982-44B7-A07E-77ECB7F8A11F}.Debug|Any CPU.ActiveCfg = Debug|Any CPU
		{B8F639D3-4982-44B7-A07E-77ECB7F8A11F}.Debug|Any CPU.Build.0 = Debug|Any CPU
		{B8F639D3-4982-44B7-A07E-77ECB7F8A11F}.Release|Any CPU.ActiveCfg = Release|Any CPU
		{B8F639D3-4982-44B7-A07E-77ECB7F8A11F}.Release|Any CPU.Build.0 = Release|Any CPU
		{BC333203-8C80-4887-B1E2-6C209AB1A457}.Debug|Any CPU.ActiveCfg = Debug|Any CPU
		{BC333203-8C80-4887-B1E2-6C209AB1A457}.Debug|Any CPU.Build.0 = Debug|Any CPU
		{BC333203-8C80-4887-B1E2-6C209AB1A457}.Release|Any CPU.ActiveCfg = Release|Any CPU
		{BC333203-8C80-4887-B1E2-6C209AB1A457}.Release|Any CPU.Build.0 = Release|Any CPU
		{2E88B259-54AA-4388-A18E-62C3A8AF6EE9}.Debug|Any CPU.ActiveCfg = Debug|Any CPU
		{2E88B259-54AA-4388-A18E-62C3A8AF6EE9}.Debug|Any CPU.Build.0 = Debug|Any CPU
		{2E88B259-54AA-4388-A18E-62C3A8AF6EE9}.Release|Any CPU.ActiveCfg = Release|Any CPU
		{2E88B259-54AA-4388-A18E-62C3A8AF6EE9}.Release|Any CPU.Build.0 = Release|Any CPU
		{6EF4B2FC-443E-4114-885C-B980BC0DC15F}.Debug|Any CPU.ActiveCfg = Debug|Any CPU
		{6EF4B2FC-443E-4114-885C-B980BC0DC15F}.Debug|Any CPU.Build.0 = Debug|Any CPU
		{6EF4B2FC-443E-4114-885C-B980BC0DC15F}.Release|Any CPU.ActiveCfg = Release|Any CPU
		{6EF4B2FC-443E-4114-885C-B980BC0DC15F}.Release|Any CPU.Build.0 = Release|Any CPU
		{5AC41F0A-8BD5-4988-BD8D-20854D3EF9A9}.Debug|Any CPU.ActiveCfg = Debug|Any CPU
		{5AC41F0A-8BD5-4988-BD8D-20854D3EF9A9}.Debug|Any CPU.Build.0 = Debug|Any CPU
		{5AC41F0A-8BD5-4988-BD8D-20854D3EF9A9}.Release|Any CPU.ActiveCfg = Release|Any CPU
		{5AC41F0A-8BD5-4988-BD8D-20854D3EF9A9}.Release|Any CPU.Build.0 = Release|Any CPU
		{434FCFAC-627C-4DB0-97DF-8512FCA47FA6}.Debug|Any CPU.ActiveCfg = Debug|Any CPU
		{434FCFAC-627C-4DB0-97DF-8512FCA47FA6}.Debug|Any CPU.Build.0 = Debug|Any CPU
		{434FCFAC-627C-4DB0-97DF-8512FCA47FA6}.Release|Any CPU.ActiveCfg = Release|Any CPU
		{434FCFAC-627C-4DB0-97DF-8512FCA47FA6}.Release|Any CPU.Build.0 = Release|Any CPU
		{9301D8E1-611C-4528-B4CB-F5A9B95E838A}.Debug|Any CPU.ActiveCfg = Debug|Any CPU
		{9301D8E1-611C-4528-B4CB-F5A9B95E838A}.Debug|Any CPU.Build.0 = Debug|Any CPU
		{9301D8E1-611C-4528-B4CB-F5A9B95E838A}.Release|Any CPU.ActiveCfg = Release|Any CPU
		{9301D8E1-611C-4528-B4CB-F5A9B95E838A}.Release|Any CPU.Build.0 = Release|Any CPU
		{AA9A37AB-DDDB-4E6E-A195-B6B7942B3AE8}.Debug|Any CPU.ActiveCfg = Debug|Any CPU
		{AA9A37AB-DDDB-4E6E-A195-B6B7942B3AE8}.Debug|Any CPU.Build.0 = Debug|Any CPU
		{AA9A37AB-DDDB-4E6E-A195-B6B7942B3AE8}.Release|Any CPU.ActiveCfg = Release|Any CPU
		{AA9A37AB-DDDB-4E6E-A195-B6B7942B3AE8}.Release|Any CPU.Build.0 = Release|Any CPU
		{C50DDF35-5102-46E5-905D-69AEE6A90462}.Debug|Any CPU.ActiveCfg = Debug|Any CPU
		{C50DDF35-5102-46E5-905D-69AEE6A90462}.Debug|Any CPU.Build.0 = Debug|Any CPU
		{C50DDF35-5102-46E5-905D-69AEE6A90462}.Release|Any CPU.ActiveCfg = Release|Any CPU
		{C50DDF35-5102-46E5-905D-69AEE6A90462}.Release|Any CPU.Build.0 = Release|Any CPU
		{06363116-37C0-4B55-9B8C-DF4C20AF967E}.Debug|Any CPU.ActiveCfg = Debug|Any CPU
		{06363116-37C0-4B55-9B8C-DF4C20AF967E}.Debug|Any CPU.Build.0 = Debug|Any CPU
		{06363116-37C0-4B55-9B8C-DF4C20AF967E}.Release|Any CPU.ActiveCfg = Release|Any CPU
		{06363116-37C0-4B55-9B8C-DF4C20AF967E}.Release|Any CPU.Build.0 = Release|Any CPU
		{44585FC8-7922-4F6B-90CB-99C3E4FD8356}.Debug|Any CPU.ActiveCfg = Debug|Any CPU
		{44585FC8-7922-4F6B-90CB-99C3E4FD8356}.Debug|Any CPU.Build.0 = Debug|Any CPU
		{44585FC8-7922-4F6B-90CB-99C3E4FD8356}.Release|Any CPU.ActiveCfg = Release|Any CPU
		{44585FC8-7922-4F6B-90CB-99C3E4FD8356}.Release|Any CPU.Build.0 = Release|Any CPU
		{FA2D0BFE-58FD-44FA-A464-BE2C459399FE}.Debug|Any CPU.ActiveCfg = Debug|Any CPU
		{FA2D0BFE-58FD-44FA-A464-BE2C459399FE}.Debug|Any CPU.Build.0 = Debug|Any CPU
		{FA2D0BFE-58FD-44FA-A464-BE2C459399FE}.Release|Any CPU.ActiveCfg = Release|Any CPU
		{FA2D0BFE-58FD-44FA-A464-BE2C459399FE}.Release|Any CPU.Build.0 = Release|Any CPU
	EndGlobalSection
	GlobalSection(SolutionProperties) = preSolution
		HideSolutionNode = FALSE
	EndGlobalSection
	GlobalSection(ExtensibilityGlobals) = postSolution
		SolutionGuid = {C5E16F24-BCFE-40A1-AB4D-DB78771955B7}
	EndGlobalSection
EndGlobal
